// !$*UTF8*$!
{
	archiveVersion = 1;
	classes = {
	};
	objectVersion = 46;
	objects = {

/* Begin PBXAggregateTarget section */
		71B5D57E50E9F1C978B5FE4D /* VocalDistortion - All */ = {
			isa = PBXAggregateTarget;
			buildConfigurationList = 61B52745664CD81AA525D56C;
			buildPhases = (
			);
			dependencies = (
				828EDF9A768ACD58A2221462,
				0F3D4F9128AAA2E324C00BB5,
				2D89287FE3EDE42010ECF3FE,
			);
			name = "VocalDistortion - All";
			productName = VocalDistortion;
		};
/* End PBXAggregateTarget section */

/* Begin PBXBuildFile section */
		0A1C9DFF8A022EF29130FF6A /* CoreMIDI.framework */ = {isa = PBXBuildFile; fileRef = 667D50112FF74D2F1F212492; };
		0E47CC582F3E801AA488C5C5 /* AudioToolbox.framework */ = {isa = PBXBuildFile; fileRef = 7D2335A8C7EA2753E4985137; };
		18616E51928D06AD2319F390 /* PluginEditor.cpp */ = {isa = PBXBuildFile; fileRef = F382770CF160BB155EBDB0A1; };
		1AC420CBF83F3ED5774D3919 /* Foundation.framework */ = {isa = PBXBuildFile; fileRef = 20C6D7AE43C164BA61C9A814; };
		25EFB8F091DB1CF5651A04E8 /* WebKit.framework */ = {isa = PBXBuildFile; fileRef = 83BBE31D6D7ABB4385F93C7E; };
		37112E266C75667402E0076A /* include_juce_audio_utils.mm */ = {isa = PBXBuildFile; fileRef = 3D9B4A5E5F85BA75F00DE7E2; };
		3B357AAAF4AC1095FF59E69B /* include_juce_gui_extra.mm */ = {isa = PBXBuildFile; fileRef = 7E8F583DEBAD44271E2F4601; };
		3EF79699CD63FBC9BE80EB37 /* Shared Code */ = {isa = PBXBuildFile; fileRef = F6E1AD9F1FA7C8DD04AB1A8A; };
		40655951BC758DFC0433CAEC /* DiscRecording.framework */ = {isa = PBXBuildFile; fileRef = D55D4F0FC2E711D75429FBEF; };
		4E2EB26AEAE65972C92FAA51 /* Security.framework */ = {isa = PBXBuildFile; fileRef = E30C82D80B726060E745C5E8; };
		4F1C65CB51AF32A6562BBCF7 /* QuartzCore.framework */ = {isa = PBXBuildFile; fileRef = 5FDAD951346310B65289DA38; };
		51A651BBEE859A9E3F256443 /* include_juce_events.mm */ = {isa = PBXBuildFile; fileRef = DAEEE84FD3D5644E50F63C9B; };
		729319065949299B989C7675 /* RecentFilesMenuTemplate.nib */ = {isa = PBXBuildFile; fileRef = 7E5B84CE87EFD0C14D9A91A0; };
		7825B53061F3B8F575D87292 /* include_juce_audio_formats.mm */ = {isa = PBXBuildFile; fileRef = B24B8E6DAE5B5F56443739CF; };
		804358CD2032DECA03EBE428 /* include_juce_graphics.mm */ = {isa = PBXBuildFile; fileRef = 0B06C74BBF5E041ED03C3A5B; };
		86914F47279BC2C30D9E827E /* include_juce_audio_processors_lv2_libs.cpp */ = {isa = PBXBuildFile; fileRef = 0B64468E29DEDAA5F65E9596; };
		920A188CECC302B94A1CAF80 /* CoreAudioKit.framework */ = {isa = PBXBuildFile; fileRef = EF966229A568399DB7D43378; };
		97492ADEB539842473FA28AF /* Standalone Plugin */ = {isa = PBXBuildFile; fileRef = 05290E3FFE5074A5D54102A0; };
		99384D75999B4D278FFF2057 /* include_juce_core.mm */ = {isa = PBXBuildFile; fileRef = BC9150687964096FAB82218B; };
		9ACC48538519C9B30AA45B39 /* Roughness.cpp */ = {isa = PBXBuildFile; fileRef = 1DAC08346D4AFE0EE5933B2C; };
		9B58C14BAF985B0778A1AD62 /* include_juce_audio_processors_ara.cpp */ = {isa = PBXBuildFile; fileRef = 03064C059834146744BF8724; };
		9CA478BE2F9BD52CD5BE6C4D /* include_juce_gui_basics.mm */ = {isa = PBXBuildFile; fileRef = 26F8C00307F10198EB5837F1; };
		A5A7BBC555158A2C4E775D57 /* include_juce_audio_devices.mm */ = {isa = PBXBuildFile; fileRef = D1CB44040C28DC66E888DA46; };
		AD3EE16AC222389E9CB6A39F /* Cocoa.framework */ = {isa = PBXBuildFile; fileRef = EBD14ABAD52CEBA27ECFA20A; };
		AFED7D3DCB0827F814E1538F /* IOKit.framework */ = {isa = PBXBuildFile; fileRef = 3F4EA0AA769538C16C1CBFCF; };
		B64D0ABEF26D6532EEA1EC81 /* MetalKit.framework */ = {isa = PBXBuildFile; fileRef = 30495B1EE95FFE6F59774631; settings = { ATTRIBUTES = (Weak, ); }; };
		B666EE55B39A5957DE3E90F4 /* include_juce_data_structures.mm */ = {isa = PBXBuildFile; fileRef = 599E0DE1698DA7772A0E0D09; };
		B87F1FA8CC6C9C57047A084B /* PluginProcessor.cpp */ = {isa = PBXBuildFile; fileRef = 24D06BC3EA8BCF9B3A0FFAF5; };
		B938E5A22BC5E837D7708FA1 /* CoreAudio.framework */ = {isa = PBXBuildFile; fileRef = 10C29E9284575691FDECFB49; };
		C212EE44F2D1522F26EF713A /* Accelerate.framework */ = {isa = PBXBuildFile; fileRef = 7902CD8F78ABEA7427AB7D21; };
		C51025FED2EDEF2731856636 /* VST */ = {isa = PBXBuildFile; fileRef = 507676DDF8529DCE01D99A07; };
		C53775E50771A88CE2448241 /* include_juce_analytics.cpp */ = {isa = PBXBuildFile; fileRef = 9E7E73B6DC213D6D5AB80F1C; };
		E7D29AB24359D23149C3A19A /* include_juce_dsp.mm */ = {isa = PBXBuildFile; fileRef = DD6580B31D40FDF191F46A12; };
		EF82E13C00AEF0838350BF10 /* Metal.framework */ = {isa = PBXBuildFile; fileRef = E59B66D8E194402852A204DB; settings = { ATTRIBUTES = (Weak, ); }; };
		F9DCF0F65FDE6EDEF0029BFB /* include_juce_audio_processors.mm */ = {isa = PBXBuildFile; fileRef = 45CEC6F487063F7D1D87BFB1; };
		FAC7C92B478BF57E656DBA4B /* include_juce_audio_basics.mm */ = {isa = PBXBuildFile; fileRef = FB0139101D18198624EABAB4; };
/* End PBXBuildFile section */

/* Begin PBXFileReference section */
		01C0B1E82C0C6210D8826370 /* Info-Standalone_Plugin.plist */ /* Info-Standalone_Plugin.plist */ = {isa = PBXFileReference; lastKnownFileType = text.plist.xml; name = "Info-Standalone_Plugin.plist"; path = "Info-Standalone_Plugin.plist"; sourceTree = SOURCE_ROOT; };
		03064C059834146744BF8724 /* include_juce_audio_processors_ara.cpp */ /* include_juce_audio_processors_ara.cpp */ = {isa = PBXFileReference; lastKnownFileType = sourcecode.cpp.cpp; name = include_juce_audio_processors_ara.cpp; path = ../../JuceLibraryCode/include_juce_audio_processors_ara.cpp; sourceTree = SOURCE_ROOT; };
		032355C6D713B0CA4A8E09B3 /* juce_audio_basics */ /* juce_audio_basics */ = {isa = PBXFileReference; lastKnownFileType = folder; name = juce_audio_basics; path = "~/JUCE/modules/juce_audio_basics"; sourceTree = "<absolute>"; };
		05290E3FFE5074A5D54102A0 /* Standalone Plugin */ = {isa = PBXFileReference; explicitFileType = wrapper.application; includeInIndex = 0; path = VocalDistortion.app; sourceTree = BUILT_PRODUCTS_DIR; };
		06BFAE274836905E2125B53E /* JuceHeader.h */ /* JuceHeader.h */ = {isa = PBXFileReference; lastKnownFileType = sourcecode.c.h; name = JuceHeader.h; path = ../../JuceLibraryCode/JuceHeader.h; sourceTree = SOURCE_ROOT; };
		08752B71D7000A3B53B30176 /* Info-VST.plist */ /* Info-VST.plist */ = {isa = PBXFileReference; lastKnownFileType = text.plist.xml; name = "Info-VST.plist"; path = "Info-VST.plist"; sourceTree = SOURCE_ROOT; };
		0B06C74BBF5E041ED03C3A5B /* include_juce_graphics.mm */ /* include_juce_graphics.mm */ = {isa = PBXFileReference; lastKnownFileType = sourcecode.cpp.objcpp; name = include_juce_graphics.mm; path = ../../JuceLibraryCode/include_juce_graphics.mm; sourceTree = SOURCE_ROOT; };
		0B64468E29DEDAA5F65E9596 /* include_juce_audio_processors_lv2_libs.cpp */ /* include_juce_audio_processors_lv2_libs.cpp */ = {isa = PBXFileReference; lastKnownFileType = sourcecode.cpp.cpp; name = include_juce_audio_processors_lv2_libs.cpp; path = ../../JuceLibraryCode/include_juce_audio_processors_lv2_libs.cpp; sourceTree = SOURCE_ROOT; };
		10C29E9284575691FDECFB49 /* CoreAudio.framework */ /* CoreAudio.framework */ = {isa = PBXFileReference; lastKnownFileType = wrapper.framework; name = CoreAudio.framework; path = System/Library/Frameworks/CoreAudio.framework; sourceTree = SDKROOT; };
		12208B71885EAE2BDEEA4031 /* juce_audio_devices */ /* juce_audio_devices */ = {isa = PBXFileReference; lastKnownFileType = folder; name = juce_audio_devices; path = "~/JUCE/modules/juce_audio_devices"; sourceTree = "<absolute>"; };
		1D6A9EBEC60F50FC8FC6D535 /* juce_core */ /* juce_core */ = {isa = PBXFileReference; lastKnownFileType = folder; name = juce_core; path = "~/JUCE/modules/juce_core"; sourceTree = "<absolute>"; };
		1DAC08346D4AFE0EE5933B2C /* Roughness.cpp */ /* Roughness.cpp */ = {isa = PBXFileReference; lastKnownFileType = sourcecode.cpp.cpp; name = Roughness.cpp; path = ../../Source/Roughness/Roughness.cpp; sourceTree = SOURCE_ROOT; };
		20C6D7AE43C164BA61C9A814 /* Foundation.framework */ /* Foundation.framework */ = {isa = PBXFileReference; lastKnownFileType = wrapper.framework; name = Foundation.framework; path = System/Library/Frameworks/Foundation.framework; sourceTree = SDKROOT; };
		24D06BC3EA8BCF9B3A0FFAF5 /* PluginProcessor.cpp */ /* PluginProcessor.cpp */ = {isa = PBXFileReference; lastKnownFileType = sourcecode.cpp.cpp; name = PluginProcessor.cpp; path = ../../Source/PluginProcessor.cpp; sourceTree = SOURCE_ROOT; };
		26F8C00307F10198EB5837F1 /* include_juce_gui_basics.mm */ /* include_juce_gui_basics.mm */ = {isa = PBXFileReference; lastKnownFileType = sourcecode.cpp.objcpp; name = include_juce_gui_basics.mm; path = ../../JuceLibraryCode/include_juce_gui_basics.mm; sourceTree = SOURCE_ROOT; };
		30495B1EE95FFE6F59774631 /* MetalKit.framework */ /* MetalKit.framework */ = {isa = PBXFileReference; lastKnownFileType = wrapper.framework; name = MetalKit.framework; path = System/Library/Frameworks/MetalKit.framework; sourceTree = SDKROOT; };
		31818354D09AFB90CABBD677 /* juce_audio_formats */ /* juce_audio_formats */ = {isa = PBXFileReference; lastKnownFileType = folder; name = juce_audio_formats; path = "~/JUCE/modules/juce_audio_formats"; sourceTree = "<absolute>"; };
		34571C5A22FB1F2D74AB8D8E /* juce_events */ /* juce_events */ = {isa = PBXFileReference; lastKnownFileType = folder; name = juce_events; path = "~/JUCE/modules/juce_events"; sourceTree = "<absolute>"; };
		3B50104B691B0303D0F93EAA /* PluginProcessor.h */ /* PluginProcessor.h */ = {isa = PBXFileReference; lastKnownFileType = sourcecode.c.h; name = PluginProcessor.h; path = ../../Source/PluginProcessor.h; sourceTree = SOURCE_ROOT; };
		3D9B4A5E5F85BA75F00DE7E2 /* include_juce_audio_utils.mm */ /* include_juce_audio_utils.mm */ = {isa = PBXFileReference; lastKnownFileType = sourcecode.cpp.objcpp; name = include_juce_audio_utils.mm; path = ../../JuceLibraryCode/include_juce_audio_utils.mm; sourceTree = SOURCE_ROOT; };
		3F4EA0AA769538C16C1CBFCF /* IOKit.framework */ /* IOKit.framework */ = {isa = PBXFileReference; lastKnownFileType = wrapper.framework; name = IOKit.framework; path = System/Library/Frameworks/IOKit.framework; sourceTree = SDKROOT; };
		456A883E997E384EB7B87850 /* PitchDetectorYin.h */ /* PitchDetectorYin.h */ = {isa = PBXFileReference; lastKnownFileType = sourcecode.c.h; name = PitchDetectorYin.h; path = ../../Source/YIN/PitchDetectorYin.h; sourceTree = SOURCE_ROOT; };
		45CEC6F487063F7D1D87BFB1 /* include_juce_audio_processors.mm */ /* include_juce_audio_processors.mm */ = {isa = PBXFileReference; lastKnownFileType = sourcecode.cpp.objcpp; name = include_juce_audio_processors.mm; path = ../../JuceLibraryCode/include_juce_audio_processors.mm; sourceTree = SOURCE_ROOT; };
		4EB1801F62F7D3945128E4BC /* juce_analytics */ /* juce_analytics */ = {isa = PBXFileReference; lastKnownFileType = folder; name = juce_analytics; path = "~/JUCE/modules/juce_analytics"; sourceTree = "<absolute>"; };
		507676DDF8529DCE01D99A07 /* VST */ = {isa = PBXFileReference; explicitFileType = wrapper.cfbundle; includeInIndex = 0; path = VocalDistortion.vst; sourceTree = BUILT_PRODUCTS_DIR; };
		58E6C95CAAF85FE91BFAB3B6 /* juce_gui_basics */ /* juce_gui_basics */ = {isa = PBXFileReference; lastKnownFileType = folder; name = juce_gui_basics; path = "~/JUCE/modules/juce_gui_basics"; sourceTree = "<absolute>"; };
		599E0DE1698DA7772A0E0D09 /* include_juce_data_structures.mm */ /* include_juce_data_structures.mm */ = {isa = PBXFileReference; lastKnownFileType = sourcecode.cpp.objcpp; name = include_juce_data_structures.mm; path = ../../JuceLibraryCode/include_juce_data_structures.mm; sourceTree = SOURCE_ROOT; };
		5FDAD951346310B65289DA38 /* QuartzCore.framework */ /* QuartzCore.framework */ = {isa = PBXFileReference; lastKnownFileType = wrapper.framework; name = QuartzCore.framework; path = System/Library/Frameworks/QuartzCore.framework; sourceTree = SDKROOT; };
		667D50112FF74D2F1F212492 /* CoreMIDI.framework */ /* CoreMIDI.framework */ = {isa = PBXFileReference; lastKnownFileType = wrapper.framework; name = CoreMIDI.framework; path = System/Library/Frameworks/CoreMIDI.framework; sourceTree = SDKROOT; };
		7902CD8F78ABEA7427AB7D21 /* Accelerate.framework */ /* Accelerate.framework */ = {isa = PBXFileReference; lastKnownFileType = wrapper.framework; name = Accelerate.framework; path = System/Library/Frameworks/Accelerate.framework; sourceTree = SDKROOT; };
		7D2335A8C7EA2753E4985137 /* AudioToolbox.framework */ /* AudioToolbox.framework */ = {isa = PBXFileReference; lastKnownFileType = wrapper.framework; name = AudioToolbox.framework; path = System/Library/Frameworks/AudioToolbox.framework; sourceTree = SDKROOT; };
		7E5B84CE87EFD0C14D9A91A0 /* RecentFilesMenuTemplate.nib */ /* RecentFilesMenuTemplate.nib */ = {isa = PBXFileReference; lastKnownFileType = file.nib; name = RecentFilesMenuTemplate.nib; path = RecentFilesMenuTemplate.nib; sourceTree = SOURCE_ROOT; };
		7E8F583DEBAD44271E2F4601 /* include_juce_gui_extra.mm */ /* include_juce_gui_extra.mm */ = {isa = PBXFileReference; lastKnownFileType = sourcecode.cpp.objcpp; name = include_juce_gui_extra.mm; path = ../../JuceLibraryCode/include_juce_gui_extra.mm; sourceTree = SOURCE_ROOT; };
		80B19B9171E034BF495C0404 /* PluginEditor.h */ /* PluginEditor.h */ = {isa = PBXFileReference; lastKnownFileType = sourcecode.c.h; name = PluginEditor.h; path = ../../Source/PluginEditor.h; sourceTree = SOURCE_ROOT; };
		83BBE31D6D7ABB4385F93C7E /* WebKit.framework */ /* WebKit.framework */ = {isa = PBXFileReference; lastKnownFileType = wrapper.framework; name = WebKit.framework; path = System/Library/Frameworks/WebKit.framework; sourceTree = SDKROOT; };
		85CC109367DD787549A6278E /* juce_audio_utils */ /* juce_audio_utils */ = {isa = PBXFileReference; lastKnownFileType = folder; name = juce_audio_utils; path = "~/JUCE/modules/juce_audio_utils"; sourceTree = "<absolute>"; };
		9571D778E953739D0814B45C /* juce_audio_processors */ /* juce_audio_processors */ = {isa = PBXFileReference; lastKnownFileType = folder; name = juce_audio_processors; path = "~/JUCE/modules/juce_audio_processors"; sourceTree = "<absolute>"; };
		9E7E73B6DC213D6D5AB80F1C /* include_juce_analytics.cpp */ /* include_juce_analytics.cpp */ = {isa = PBXFileReference; lastKnownFileType = sourcecode.cpp.cpp; name = include_juce_analytics.cpp; path = ../../JuceLibraryCode/include_juce_analytics.cpp; sourceTree = SOURCE_ROOT; };
		AC1EC4F75EA46A8A2564616C /* Roughness.h */ /* Roughness.h */ = {isa = PBXFileReference; lastKnownFileType = sourcecode.c.h; name = Roughness.h; path = ../../Source/Roughness/Roughness.h; sourceTree = SOURCE_ROOT; };
		AF35954B9FFD2AB9425A83B4 /* juce_data_structures */ /* juce_data_structures */ = {isa = PBXFileReference; lastKnownFileType = folder; name = juce_data_structures; path = "~/JUCE/modules/juce_data_structures"; sourceTree = "<absolute>"; };
		B24B8E6DAE5B5F56443739CF /* include_juce_audio_formats.mm */ /* include_juce_audio_formats.mm */ = {isa = PBXFileReference; lastKnownFileType = sourcecode.cpp.objcpp; name = include_juce_audio_formats.mm; path = ../../JuceLibraryCode/include_juce_audio_formats.mm; sourceTree = SOURCE_ROOT; };
		BC9150687964096FAB82218B /* include_juce_core.mm */ /* include_juce_core.mm */ = {isa = PBXFileReference; lastKnownFileType = sourcecode.cpp.objcpp; name = include_juce_core.mm; path = ../../JuceLibraryCode/include_juce_core.mm; sourceTree = SOURCE_ROOT; };
		C6F79AFF58FE16449569BF35 /* juce_graphics */ /* juce_graphics */ = {isa = PBXFileReference; lastKnownFileType = folder; name = juce_graphics; path = "~/JUCE/modules/juce_graphics"; sourceTree = "<absolute>"; };
		D1C3ED0CEB9FACF1099FEADC /* JucePluginDefines.h */ /* JucePluginDefines.h */ = {isa = PBXFileReference; lastKnownFileType = sourcecode.c.h; name = JucePluginDefines.h; path = ../../JuceLibraryCode/JucePluginDefines.h; sourceTree = SOURCE_ROOT; };
		D1CB44040C28DC66E888DA46 /* include_juce_audio_devices.mm */ /* include_juce_audio_devices.mm */ = {isa = PBXFileReference; lastKnownFileType = sourcecode.cpp.objcpp; name = include_juce_audio_devices.mm; path = ../../JuceLibraryCode/include_juce_audio_devices.mm; sourceTree = SOURCE_ROOT; };
		D514C4E3A700369CE3CC6971 /* juce_dsp */ /* juce_dsp */ = {isa = PBXFileReference; lastKnownFileType = folder; name = juce_dsp; path = "~/JUCE/modules/juce_dsp"; sourceTree = "<absolute>"; };
		D55D4F0FC2E711D75429FBEF /* DiscRecording.framework */ /* DiscRecording.framework */ = {isa = PBXFileReference; lastKnownFileType = wrapper.framework; name = DiscRecording.framework; path = System/Library/Frameworks/DiscRecording.framework; sourceTree = SDKROOT; };
		D884139C52A70D9DA4A45A7B /* juce_gui_extra */ /* juce_gui_extra */ = {isa = PBXFileReference; lastKnownFileType = folder; name = juce_gui_extra; path = "~/JUCE/modules/juce_gui_extra"; sourceTree = "<absolute>"; };
		DAEEE84FD3D5644E50F63C9B /* include_juce_events.mm */ /* include_juce_events.mm */ = {isa = PBXFileReference; lastKnownFileType = sourcecode.cpp.objcpp; name = include_juce_events.mm; path = ../../JuceLibraryCode/include_juce_events.mm; sourceTree = SOURCE_ROOT; };
		DD6580B31D40FDF191F46A12 /* include_juce_dsp.mm */ /* include_juce_dsp.mm */ = {isa = PBXFileReference; lastKnownFileType = sourcecode.cpp.objcpp; name = include_juce_dsp.mm; path = ../../JuceLibraryCode/include_juce_dsp.mm; sourceTree = SOURCE_ROOT; };
		E30C82D80B726060E745C5E8 /* Security.framework */ /* Security.framework */ = {isa = PBXFileReference; lastKnownFileType = wrapper.framework; name = Security.framework; path = System/Library/Frameworks/Security.framework; sourceTree = SDKROOT; };
		E59B66D8E194402852A204DB /* Metal.framework */ /* Metal.framework */ = {isa = PBXFileReference; lastKnownFileType = wrapper.framework; name = Metal.framework; path = System/Library/Frameworks/Metal.framework; sourceTree = SDKROOT; };
		EBD14ABAD52CEBA27ECFA20A /* Cocoa.framework */ /* Cocoa.framework */ = {isa = PBXFileReference; lastKnownFileType = wrapper.framework; name = Cocoa.framework; path = System/Library/Frameworks/Cocoa.framework; sourceTree = SDKROOT; };
		EF966229A568399DB7D43378 /* CoreAudioKit.framework */ /* CoreAudioKit.framework */ = {isa = PBXFileReference; lastKnownFileType = wrapper.framework; name = CoreAudioKit.framework; path = System/Library/Frameworks/CoreAudioKit.framework; sourceTree = SDKROOT; };
		F382770CF160BB155EBDB0A1 /* PluginEditor.cpp */ /* PluginEditor.cpp */ = {isa = PBXFileReference; lastKnownFileType = sourcecode.cpp.cpp; name = PluginEditor.cpp; path = ../../Source/PluginEditor.cpp; sourceTree = SOURCE_ROOT; };
		F6E1AD9F1FA7C8DD04AB1A8A /* Shared Code */ = {isa = PBXFileReference; explicitFileType = archive.ar; includeInIndex = 0; path = libVocalDistortion.a; sourceTree = BUILT_PRODUCTS_DIR; };
		FB0139101D18198624EABAB4 /* include_juce_audio_basics.mm */ /* include_juce_audio_basics.mm */ = {isa = PBXFileReference; lastKnownFileType = sourcecode.cpp.objcpp; name = include_juce_audio_basics.mm; path = ../../JuceLibraryCode/include_juce_audio_basics.mm; sourceTree = SOURCE_ROOT; };
/* End PBXFileReference section */

/* Begin PBXFrameworksBuildPhase section */
		2FEFB1831B54E6B9905B2BC2 = {
			isa = PBXFrameworksBuildPhase;
			buildActionMask = 2147483647;
			files = (
				C212EE44F2D1522F26EF713A,
				0E47CC582F3E801AA488C5C5,
				AD3EE16AC222389E9CB6A39F,
				B938E5A22BC5E837D7708FA1,
				920A188CECC302B94A1CAF80,
				0A1C9DFF8A022EF29130FF6A,
				40655951BC758DFC0433CAEC,
				1AC420CBF83F3ED5774D3919,
				AFED7D3DCB0827F814E1538F,
				4F1C65CB51AF32A6562BBCF7,
				4E2EB26AEAE65972C92FAA51,
				25EFB8F091DB1CF5651A04E8,
				EF82E13C00AEF0838350BF10,
				B64D0ABEF26D6532EEA1EC81,
			);
			runOnlyForDeploymentPostprocessing = 0;
		};
		443C308B22462765C7FC6B04 = {
			isa = PBXFrameworksBuildPhase;
			buildActionMask = 2147483647;
			files = (
				C212EE44F2D1522F26EF713A,
				0E47CC582F3E801AA488C5C5,
				AD3EE16AC222389E9CB6A39F,
				B938E5A22BC5E837D7708FA1,
				920A188CECC302B94A1CAF80,
				0A1C9DFF8A022EF29130FF6A,
				40655951BC758DFC0433CAEC,
				1AC420CBF83F3ED5774D3919,
				AFED7D3DCB0827F814E1538F,
				4F1C65CB51AF32A6562BBCF7,
				4E2EB26AEAE65972C92FAA51,
				25EFB8F091DB1CF5651A04E8,
				EF82E13C00AEF0838350BF10,
				B64D0ABEF26D6532EEA1EC81,
			);
			runOnlyForDeploymentPostprocessing = 0;
		};
/* End PBXFrameworksBuildPhase section */

/* Begin PBXGroup section */
		0AAFD85C6A78EF5BFD268F29 /* Resources */ = {
			isa = PBXGroup;
			children = (
				08752B71D7000A3B53B30176,
				01C0B1E82C0C6210D8826370,
				7E5B84CE87EFD0C14D9A91A0,
			);
			name = Resources;
			sourceTree = "<group>";
		};
		0B4943664E49C7783D077B90 /* Source */ = {
			isa = PBXGroup;
			children = (
				49423F7119409C0EAE776825,
				766BB94C43297D64669601A0,
				CD783BE187E9A64D692432AE,
				0AAFD85C6A78EF5BFD268F29,
				476B8D76CA2E75008B83FC82,
				BD58E5F2E24C11AE768973C8,
			);
			name = Source;
			sourceTree = "<group>";
		};
		18E221F01AE967702A6AAA13 /* YIN */ = {
			isa = PBXGroup;
			children = (
				456A883E997E384EB7B87850,
			);
			name = YIN;
			sourceTree = "<group>";
		};
		476B8D76CA2E75008B83FC82 /* Frameworks */ = {
			isa = PBXGroup;
			children = (
				7902CD8F78ABEA7427AB7D21,
				7D2335A8C7EA2753E4985137,
				EBD14ABAD52CEBA27ECFA20A,
				10C29E9284575691FDECFB49,
				EF966229A568399DB7D43378,
				667D50112FF74D2F1F212492,
				D55D4F0FC2E711D75429FBEF,
				20C6D7AE43C164BA61C9A814,
				3F4EA0AA769538C16C1CBFCF,
				5FDAD951346310B65289DA38,
				E30C82D80B726060E745C5E8,
				83BBE31D6D7ABB4385F93C7E,
				E59B66D8E194402852A204DB,
				30495B1EE95FFE6F59774631,
			);
			name = Frameworks;
			sourceTree = "<group>";
		};
		49423F7119409C0EAE776825 /* VocalDistortion */ = {
			isa = PBXGroup;
			children = (
				C4B414F3E7A7BFAE5B579B69,
			);
			name = VocalDistortion;
			sourceTree = "<group>";
		};
		5E38C5A6B0279240F5C40242 /* Roughness */ = {
			isa = PBXGroup;
			children = (
				1DAC08346D4AFE0EE5933B2C,
				AC1EC4F75EA46A8A2564616C,
			);
			name = Roughness;
			sourceTree = "<group>";
		};
		766BB94C43297D64669601A0 /* JUCE Modules */ = {
			isa = PBXGroup;
			children = (
				4EB1801F62F7D3945128E4BC,
				032355C6D713B0CA4A8E09B3,
				12208B71885EAE2BDEEA4031,
				31818354D09AFB90CABBD677,
				9571D778E953739D0814B45C,
				85CC109367DD787549A6278E,
				1D6A9EBEC60F50FC8FC6D535,
				AF35954B9FFD2AB9425A83B4,
				D514C4E3A700369CE3CC6971,
				34571C5A22FB1F2D74AB8D8E,
				C6F79AFF58FE16449569BF35,
				58E6C95CAAF85FE91BFAB3B6,
				D884139C52A70D9DA4A45A7B,
			);
			name = "JUCE Modules";
			sourceTree = "<group>";
		};
		BD58E5F2E24C11AE768973C8 /* Products */ = {
			isa = PBXGroup;
			children = (
				507676DDF8529DCE01D99A07,
				05290E3FFE5074A5D54102A0,
				F6E1AD9F1FA7C8DD04AB1A8A,
			);
			name = Products;
			sourceTree = "<group>";
		};
		C4B414F3E7A7BFAE5B579B69 /* Source */ = {
			isa = PBXGroup;
			children = (
				5E38C5A6B0279240F5C40242,
				18E221F01AE967702A6AAA13,
				24D06BC3EA8BCF9B3A0FFAF5,
				3B50104B691B0303D0F93EAA,
				F382770CF160BB155EBDB0A1,
				80B19B9171E034BF495C0404,
			);
			name = Source;
			sourceTree = "<group>";
		};
		CD783BE187E9A64D692432AE /* JUCE Library Code */ = {
			isa = PBXGroup;
			children = (
				9E7E73B6DC213D6D5AB80F1C,
				FB0139101D18198624EABAB4,
				D1CB44040C28DC66E888DA46,
				B24B8E6DAE5B5F56443739CF,
				45CEC6F487063F7D1D87BFB1,
				03064C059834146744BF8724,
				0B64468E29DEDAA5F65E9596,
				3D9B4A5E5F85BA75F00DE7E2,
				BC9150687964096FAB82218B,
				599E0DE1698DA7772A0E0D09,
				DD6580B31D40FDF191F46A12,
				DAEEE84FD3D5644E50F63C9B,
				0B06C74BBF5E041ED03C3A5B,
				26F8C00307F10198EB5837F1,
				7E8F583DEBAD44271E2F4601,
				06BFAE274836905E2125B53E,
				D1C3ED0CEB9FACF1099FEADC,
			);
			name = "JUCE Library Code";
			sourceTree = "<group>";
		};
/* End PBXGroup section */

/* Begin PBXNativeTarget section */
		0370F52BD20CFEB090AF0F9C /* VocalDistortion - Standalone Plugin */ = {
			isa = PBXNativeTarget;
			buildConfigurationList = 50E99894410A64AFA7185267;
			buildPhases = (
				B7D202F1B083DFF53E2206A8,
				5C33A9636E2B97EF60BA1BC8,
				2FEFB1831B54E6B9905B2BC2,
			);
			buildRules = (
			);
			dependencies = (
				81431C5063A385E982EC5437,
			);
			name = "VocalDistortion - Standalone Plugin";
			productName = VocalDistortion;
			productReference = 05290E3FFE5074A5D54102A0;
			productType = "com.apple.product-type.application";
		};
		772222C6F519F7684F33874F /* VocalDistortion - Shared Code */ = {
			isa = PBXNativeTarget;
			buildConfigurationList = 06B33E0210F959D09D4481A5;
			buildPhases = (
				9361D465814BBC2987AC18C7,
			);
			buildRules = (
			);
			dependencies = (
			);
			name = "VocalDistortion - Shared Code";
			productName = VocalDistortion;
			productReference = F6E1AD9F1FA7C8DD04AB1A8A;
			productType = "com.apple.product-type.library.static";
		};
		ED24D9184C8A553DE5AC3113 /* VocalDistortion - VST */ = {
			isa = PBXNativeTarget;
			buildConfigurationList = E5E33B211DE7A6367BCC4F43;
			buildPhases = (
				C165B3FB5A022D088BB568CA,
				4AB93D94D135F1B2E13D1BE7,
				443C308B22462765C7FC6B04,
				DD1547AC58E4B9FA425DC076,
			);
			buildRules = (
			);
			dependencies = (
				F3949D72BEBD4100595A233D,
			);
			name = "VocalDistortion - VST";
			productName = VocalDistortion;
			productReference = 507676DDF8529DCE01D99A07;
			productType = "com.apple.product-type.bundle";
		};
/* End PBXNativeTarget section */

/* Begin PBXProject section */
		7729B83E62B696D84D5E5077 = {
			isa = PBXProject;
			attributes = {
				BuildIndependentTargetsInParallel = YES;
				LastUpgradeCheck = 1340;
				ORGANIZATIONNAME = "";
				TargetAttributes = {
					0370F52BD20CFEB090AF0F9C = {
						SystemCapabilities = {
							com.apple.ApplicationGroups.iOS = {
								enabled = 0;
							};
							com.apple.HardenedRuntime = {
								enabled = 0;
							};
							com.apple.InAppPurchase = {
								enabled = 0;
							};
							com.apple.InterAppAudio = {
								enabled = 0;
							};
							com.apple.Push = {
								enabled = 0;
							};
							com.apple.Sandbox = {
								enabled = 0;
							};
						};
					};
					71B5D57E50E9F1C978B5FE4D = {
						SystemCapabilities = {
							com.apple.ApplicationGroups.iOS = {
								enabled = 0;
							};
							com.apple.HardenedRuntime = {
								enabled = 0;
							};
							com.apple.InAppPurchase = {
								enabled = 0;
							};
							com.apple.InterAppAudio = {
								enabled = 0;
							};
							com.apple.Push = {
								enabled = 0;
							};
							com.apple.Sandbox = {
								enabled = 0;
							};
						};
					};
					772222C6F519F7684F33874F = {
						SystemCapabilities = {
							com.apple.ApplicationGroups.iOS = {
								enabled = 0;
							};
							com.apple.HardenedRuntime = {
								enabled = 0;
							};
							com.apple.InAppPurchase = {
								enabled = 0;
							};
							com.apple.InterAppAudio = {
								enabled = 0;
							};
							com.apple.Push = {
								enabled = 0;
							};
							com.apple.Sandbox = {
								enabled = 0;
							};
						};
					};
					ED24D9184C8A553DE5AC3113 = {
						SystemCapabilities = {
							com.apple.ApplicationGroups.iOS = {
								enabled = 0;
							};
							com.apple.HardenedRuntime = {
								enabled = 0;
							};
							com.apple.InAppPurchase = {
								enabled = 0;
							};
							com.apple.InterAppAudio = {
								enabled = 0;
							};
							com.apple.Push = {
								enabled = 0;
							};
							com.apple.Sandbox = {
								enabled = 0;
							};
						};
					};
				};
			};
			buildConfigurationList = B1A13D0E84D187687DF56AF8;
			compatibilityVersion = "Xcode 3.2";
			hasScannedForEncodings = 0;
			knownRegions = (
				en,
				Base,
			);
			mainGroup = 0B4943664E49C7783D077B90;
			projectDirPath = "";
			projectRoot = "";
			targets = (
				71B5D57E50E9F1C978B5FE4D,
				ED24D9184C8A553DE5AC3113,
				0370F52BD20CFEB090AF0F9C,
				772222C6F519F7684F33874F,
			);
		};
/* End PBXProject section */

/* Begin PBXResourcesBuildPhase section */
		B7D202F1B083DFF53E2206A8 = {
			isa = PBXResourcesBuildPhase;
			buildActionMask = 2147483647;
			files = (
				729319065949299B989C7675,
			);
			runOnlyForDeploymentPostprocessing = 0;
		};
		C165B3FB5A022D088BB568CA = {
			isa = PBXResourcesBuildPhase;
			buildActionMask = 2147483647;
			files = (
				729319065949299B989C7675,
			);
			runOnlyForDeploymentPostprocessing = 0;
		};
/* End PBXResourcesBuildPhase section */

/* Begin PBXShellScriptBuildPhase section */
		DD1547AC58E4B9FA425DC076 /* Plugin Copy Step */ = {
			isa = PBXShellScriptBuildPhase;
			buildActionMask = 2147483647;
			files = (
			);
			runOnlyForDeploymentPostprocessing = 0;
			name = "Plugin Copy Step";
			alwaysOutOfDate = 1;
			shellPath = /bin/sh;
			shellScript = "set -e\n\nif test \"$CONFIGURATION\" = \"Debug\"; then :\n\nxcrun codesign --verify \"${TARGET_BUILD_DIR}/${FULL_PRODUCT_NAME}\" || xcrun codesign -f -s - \"${TARGET_BUILD_DIR}/${FULL_PRODUCT_NAME}\"\n\nif [ -e \"$HOME/Library/Audio/Plug-Ins/VST/${FULL_PRODUCT_NAME}\" ]; then :\n  echo \"Destination '$HOME/Library/Audio/Plug-Ins/VST/${FULL_PRODUCT_NAME}' exists, overwriting\"\n  rm -rf \"$HOME/Library/Audio/Plug-Ins/VST/${FULL_PRODUCT_NAME}\"\nfi\nmkdir -p \"$HOME/Library/Audio/Plug-Ins/VST/\"\ncp -r \"${TARGET_BUILD_DIR}/${FULL_PRODUCT_NAME}\" \"$HOME/Library/Audio/Plug-Ins/VST/\"\n\nfi\n\n\nif test \"$CONFIGURATION\" = \"Release\"; then :\n\nxcrun codesign --verify \"${TARGET_BUILD_DIR}/${FULL_PRODUCT_NAME}\" || xcrun codesign -f -s - \"${TARGET_BUILD_DIR}/${FULL_PRODUCT_NAME}\"\n\nif [ -e \"$HOME/Library/Audio/Plug-Ins/VST/${FULL_PRODUCT_NAME}\" ]; then :\n  echo \"Destination '$HOME/Library/Audio/Plug-Ins/VST/${FULL_PRODUCT_NAME}' exists, overwriting\"\n  rm -rf \"$HOME/Library/Audio/Plug-Ins/VST/${FULL_PRODUCT_NAME}\"\nfi\nmkdir -p \"$HOME/Library/Audio/Plug-Ins/VST/\"\ncp -r \"${TARGET_BUILD_DIR}/${FULL_PRODUCT_NAME}\" \"$HOME/Library/Audio/Plug-Ins/VST/\"\n\nfi\n";
		};
/* End PBXShellScriptBuildPhase section */

/* Begin PBXSourcesBuildPhase section */
		4AB93D94D135F1B2E13D1BE7 = {
			isa = PBXSourcesBuildPhase;
			buildActionMask = 2147483647;
			files = (
			);
			runOnlyForDeploymentPostprocessing = 0;
		};
		5C33A9636E2B97EF60BA1BC8 = {
			isa = PBXSourcesBuildPhase;
			buildActionMask = 2147483647;
			files = (
			);
			runOnlyForDeploymentPostprocessing = 0;
		};
		9361D465814BBC2987AC18C7 = {
			isa = PBXSourcesBuildPhase;
			buildActionMask = 2147483647;
			files = (
				9ACC48538519C9B30AA45B39,
				B87F1FA8CC6C9C57047A084B,
				18616E51928D06AD2319F390,
				C53775E50771A88CE2448241,
				FAC7C92B478BF57E656DBA4B,
				A5A7BBC555158A2C4E775D57,
				7825B53061F3B8F575D87292,
				F9DCF0F65FDE6EDEF0029BFB,
				9B58C14BAF985B0778A1AD62,
				86914F47279BC2C30D9E827E,
				37112E266C75667402E0076A,
				99384D75999B4D278FFF2057,
				B666EE55B39A5957DE3E90F4,
				E7D29AB24359D23149C3A19A,
				51A651BBEE859A9E3F256443,
				804358CD2032DECA03EBE428,
				9CA478BE2F9BD52CD5BE6C4D,
				3B357AAAF4AC1095FF59E69B,
			);
			runOnlyForDeploymentPostprocessing = 0;
		};
/* End PBXSourcesBuildPhase section */

/* Begin PBXTargetDependency section */
		0F3D4F9128AAA2E324C00BB5 = {
			isa = PBXTargetDependency;
			target = 0370F52BD20CFEB090AF0F9C;
		};
		2D89287FE3EDE42010ECF3FE = {
			isa = PBXTargetDependency;
			target = 772222C6F519F7684F33874F;
		};
		81431C5063A385E982EC5437 = {
			isa = PBXTargetDependency;
			target = 772222C6F519F7684F33874F;
		};
		828EDF9A768ACD58A2221462 = {
			isa = PBXTargetDependency;
			target = ED24D9184C8A553DE5AC3113;
		};
		F3949D72BEBD4100595A233D = {
			isa = PBXTargetDependency;
			target = 772222C6F519F7684F33874F;
		};
/* End PBXTargetDependency section */

/* Begin XCBuildConfiguration section */
		074D1A08C2333B1DCB12B3C2 /* Debug */ = {
			isa = XCBuildConfiguration;
			buildSettings = {
				CLANG_CXX_LANGUAGE_STANDARD = "c++17";
				CLANG_CXX_LIBRARY = "libc++";
				CLANG_LINK_OBJC_RUNTIME = NO;
				COMBINE_HIDPI_IMAGES = YES;
				CONFIGURATION_BUILD_DIR = "$(PROJECT_DIR)/build/$(CONFIGURATION)";
				COPY_PHASE_STRIP = NO;
				EXCLUDED_ARCHS = "";
				GCC_DYNAMIC_NO_PIC = NO;
				GCC_OPTIMIZATION_LEVEL = 0;
				GCC_PREPROCESSOR_DEFINITIONS = (
					"_DEBUG=1",
					"DEBUG=1",
					"JUCE_DISPLAY_SPLASH_SCREEN=1",
					"JUCE_USE_DARK_SPLASH_SCREEN=1",
					"JUCE_PROJUCER_VERSION=0x70008",
					"JUCE_MODULE_AVAILABLE_juce_analytics=1",
					"JUCE_MODULE_AVAILABLE_juce_audio_basics=1",
					"JUCE_MODULE_AVAILABLE_juce_audio_devices=1",
					"JUCE_MODULE_AVAILABLE_juce_audio_formats=1",
					"JUCE_MODULE_AVAILABLE_juce_audio_processors=1",
					"JUCE_MODULE_AVAILABLE_juce_audio_utils=1",
					"JUCE_MODULE_AVAILABLE_juce_core=1",
					"JUCE_MODULE_AVAILABLE_juce_data_structures=1",
					"JUCE_MODULE_AVAILABLE_juce_dsp=1",
					"JUCE_MODULE_AVAILABLE_juce_events=1",
					"JUCE_MODULE_AVAILABLE_juce_graphics=1",
					"JUCE_MODULE_AVAILABLE_juce_gui_basics=1",
					"JUCE_MODULE_AVAILABLE_juce_gui_extra=1",
					"JUCE_GLOBAL_MODULE_SETTINGS_INCLUDED=1",
					"JUCE_STRICT_REFCOUNTEDPOINTER=1",
					"JucePlugin_Build_VST=1",
					"JucePlugin_Build_VST3=0",
					"JucePlugin_Build_AU=0",
					"JucePlugin_Build_AUv3=0",
					"JucePlugin_Build_AAX=0",
					"JucePlugin_Build_Standalone=0",
					"JucePlugin_Build_Unity=0",
					"JucePlugin_Build_LV2=0",
					"JucePlugin_Enable_IAA=0",
					"JucePlugin_Enable_ARA=0",
					"JucePlugin_Name=\\\"VocalDistortion\\\"",
					"JucePlugin_Desc=\\\"VocalDistortion\\\"",
					"JucePlugin_Manufacturer=\\\"yourcompany\\\"",
					"JucePlugin_ManufacturerWebsite=\\\"www.yourcompany.com\\\"",
					"JucePlugin_ManufacturerEmail=\\\"\\\"",
					"JucePlugin_ManufacturerCode=0x4d616e75",
					"JucePlugin_PluginCode=0x456c6f66",
					"JucePlugin_IsSynth=0",
					"JucePlugin_WantsMidiInput=0",
					"JucePlugin_ProducesMidiOutput=0",
					"JucePlugin_IsMidiEffect=0",
					"JucePlugin_EditorRequiresKeyboardFocus=0",
					"JucePlugin_Version=1.0.0",
					"JucePlugin_VersionCode=0x10000",
					"JucePlugin_VersionString=\\\"1.0.0\\\"",
					"JucePlugin_VSTUniqueID=JucePlugin_PluginCode",
					"JucePlugin_VSTCategory=kPlugCategEffect",
					"JucePlugin_Vst3Category=\\\"Fx\\\"",
					"JucePlugin_AUMainType=\\'aufx\\'",
					"JucePlugin_AUSubType=JucePlugin_PluginCode",
					"JucePlugin_AUExportPrefix=VocalDistortionAU",
					"JucePlugin_AUExportPrefixQuoted=\\\"VocalDistortionAU\\\"",
					"JucePlugin_AUManufacturerCode=JucePlugin_ManufacturerCode",
					"JucePlugin_CFBundleIdentifier=com.yourcompany.VocalDistortion",
					"JucePlugin_AAXIdentifier=com.yourcompany.VocalDistortion",
					"JucePlugin_AAXManufacturerCode=JucePlugin_ManufacturerCode",
					"JucePlugin_AAXProductId=JucePlugin_PluginCode",
					"JucePlugin_AAXCategory=0",
					"JucePlugin_AAXDisableBypass=0",
					"JucePlugin_AAXDisableMultiMono=0",
					"JucePlugin_IAAType=0x61757278",
					"JucePlugin_IAASubType=JucePlugin_PluginCode",
					"JucePlugin_IAAName=\\\"yourcompany:\\ VocalDistortion\\\"",
					"JucePlugin_VSTNumMidiInputs=16",
					"JucePlugin_VSTNumMidiOutputs=16",
					"JucePlugin_ARAContentTypes=0",
					"JucePlugin_ARATransformationFlags=0",
					"JucePlugin_ARAFactoryID=\\\"com.yourcompany.VocalDistortion.factory\\\"",
					"JucePlugin_ARADocumentArchiveID=\\\"com.yourcompany.VocalDistortion.aradocumentarchive.1.0.0\\\"",
					"JucePlugin_ARACompatibleArchiveIDs=\\\"\\\"",
					"JUCE_STANDALONE_APPLICATION=JucePlugin_Build_Standalone",
					"JUCER_XCODE_MAC_F6D2F4CF=1",
					"JUCE_APP_VERSION=1.0.0",
					"JUCE_APP_VERSION_HEX=0x10000",
				);
				GCC_VERSION = com.apple.compilers.llvm.clang.1_0;
				GENERATE_PKGINFO_FILE = YES;
				HEADER_SEARCH_PATHS = (
					"$(HOME)/JUCE/modules/juce_audio_processors/format_types/VST3_SDK",
					"\"$(HOME)/Documents/Spectral Plugins/Pancz/External/vstsdk367_03_03_2017_build_352/VST_SDK/VST2_SDK\"",
					"$(SRCROOT)/../../JuceLibraryCode",
					"$(HOME)/JUCE/modules",
					"$(inherited)",
				);
				INFOPLIST_FILE = Info-VST.plist;
				INFOPLIST_PREPROCESS = NO;
				INSTALL_PATH = "$(HOME)/Library/Audio/Plug-Ins/VST/";
				LIBRARY_STYLE = Bundle;
				MACOSX_DEPLOYMENT_TARGET = 10.13;
				MTL_HEADER_SEARCH_PATHS = "$(HOME)/JUCE/modules/juce_audio_processors/format_types/VST3_SDK \"$(HOME)/Documents/Spectral Plugins/Pancz/External/vstsdk367_03_03_2017_build_352/VST_SDK/VST2_SDK\" $(SRCROOT)/../../JuceLibraryCode $(HOME)/JUCE/modules";
				OTHER_LDFLAGS = "-bundle -lVocalDistortion";
				PRODUCT_BUNDLE_IDENTIFIER = com.yourcompany.VocalDistortion;
				PRODUCT_NAME = "VocalDistortion";
				USE_HEADERMAP = NO;
				VALID_ARCHS = "i386 x86_64 arm64 arm64e";
				WRAPPER_EXTENSION = vst;
			};
			name = Debug;
		};
		264C7F11D58E850FA0827B31 /* Debug */ = {
			isa = XCBuildConfiguration;
			buildSettings = {
				MACOSX_DEPLOYMENT_TARGET = 10.13;
				SDKROOT = macosx;
			};
			name = Debug;
		};
		69B97D92A2A0924FC1257662 /* Debug */ = {
			isa = XCBuildConfiguration;
			buildSettings = {
				CLANG_CXX_LANGUAGE_STANDARD = "c++17";
				CLANG_CXX_LIBRARY = "libc++";
				CLANG_LINK_OBJC_RUNTIME = NO;
				COMBINE_HIDPI_IMAGES = YES;
				CONFIGURATION_BUILD_DIR = "$(PROJECT_DIR)/build/$(CONFIGURATION)";
				COPY_PHASE_STRIP = NO;
				EXCLUDED_ARCHS = "";
				GCC_DYNAMIC_NO_PIC = NO;
				GCC_OPTIMIZATION_LEVEL = 0;
				GCC_PREPROCESSOR_DEFINITIONS = (
					"_DEBUG=1",
					"DEBUG=1",
					"JUCE_DISPLAY_SPLASH_SCREEN=1",
					"JUCE_USE_DARK_SPLASH_SCREEN=1",
					"JUCE_PROJUCER_VERSION=0x70008",
					"JUCE_MODULE_AVAILABLE_juce_analytics=1",
					"JUCE_MODULE_AVAILABLE_juce_audio_basics=1",
					"JUCE_MODULE_AVAILABLE_juce_audio_devices=1",
					"JUCE_MODULE_AVAILABLE_juce_audio_formats=1",
					"JUCE_MODULE_AVAILABLE_juce_audio_processors=1",
					"JUCE_MODULE_AVAILABLE_juce_audio_utils=1",
					"JUCE_MODULE_AVAILABLE_juce_core=1",
					"JUCE_MODULE_AVAILABLE_juce_data_structures=1",
					"JUCE_MODULE_AVAILABLE_juce_dsp=1",
					"JUCE_MODULE_AVAILABLE_juce_events=1",
					"JUCE_MODULE_AVAILABLE_juce_graphics=1",
					"JUCE_MODULE_AVAILABLE_juce_gui_basics=1",
					"JUCE_MODULE_AVAILABLE_juce_gui_extra=1",
					"JUCE_GLOBAL_MODULE_SETTINGS_INCLUDED=1",
					"JUCE_STRICT_REFCOUNTEDPOINTER=1",
					"JucePlugin_Build_VST=0",
					"JucePlugin_Build_VST3=0",
					"JucePlugin_Build_AU=0",
					"JucePlugin_Build_AUv3=0",
					"JucePlugin_Build_AAX=0",
					"JucePlugin_Build_Standalone=1",
					"JucePlugin_Build_Unity=0",
					"JucePlugin_Build_LV2=0",
					"JucePlugin_Enable_IAA=0",
					"JucePlugin_Enable_ARA=0",
					"JucePlugin_Name=\\\"VocalDistortion\\\"",
					"JucePlugin_Desc=\\\"VocalDistortion\\\"",
					"JucePlugin_Manufacturer=\\\"yourcompany\\\"",
					"JucePlugin_ManufacturerWebsite=\\\"www.yourcompany.com\\\"",
					"JucePlugin_ManufacturerEmail=\\\"\\\"",
					"JucePlugin_ManufacturerCode=0x4d616e75",
					"JucePlugin_PluginCode=0x456c6f66",
					"JucePlugin_IsSynth=0",
					"JucePlugin_WantsMidiInput=0",
					"JucePlugin_ProducesMidiOutput=0",
					"JucePlugin_IsMidiEffect=0",
					"JucePlugin_EditorRequiresKeyboardFocus=0",
					"JucePlugin_Version=1.0.0",
					"JucePlugin_VersionCode=0x10000",
					"JucePlugin_VersionString=\\\"1.0.0\\\"",
					"JucePlugin_VSTUniqueID=JucePlugin_PluginCode",
					"JucePlugin_VSTCategory=kPlugCategEffect",
					"JucePlugin_Vst3Category=\\\"Fx\\\"",
					"JucePlugin_AUMainType=\\'aufx\\'",
					"JucePlugin_AUSubType=JucePlugin_PluginCode",
					"JucePlugin_AUExportPrefix=VocalDistortionAU",
					"JucePlugin_AUExportPrefixQuoted=\\\"VocalDistortionAU\\\"",
					"JucePlugin_AUManufacturerCode=JucePlugin_ManufacturerCode",
					"JucePlugin_CFBundleIdentifier=com.yourcompany.VocalDistortion",
					"JucePlugin_AAXIdentifier=com.yourcompany.VocalDistortion",
					"JucePlugin_AAXManufacturerCode=JucePlugin_ManufacturerCode",
					"JucePlugin_AAXProductId=JucePlugin_PluginCode",
					"JucePlugin_AAXCategory=0",
					"JucePlugin_AAXDisableBypass=0",
					"JucePlugin_AAXDisableMultiMono=0",
					"JucePlugin_IAAType=0x61757278",
					"JucePlugin_IAASubType=JucePlugin_PluginCode",
					"JucePlugin_IAAName=\\\"yourcompany:\\ VocalDistortion\\\"",
					"JucePlugin_VSTNumMidiInputs=16",
					"JucePlugin_VSTNumMidiOutputs=16",
					"JucePlugin_ARAContentTypes=0",
					"JucePlugin_ARATransformationFlags=0",
					"JucePlugin_ARAFactoryID=\\\"com.yourcompany.VocalDistortion.factory\\\"",
					"JucePlugin_ARADocumentArchiveID=\\\"com.yourcompany.VocalDistortion.aradocumentarchive.1.0.0\\\"",
					"JucePlugin_ARACompatibleArchiveIDs=\\\"\\\"",
					"JUCE_STANDALONE_APPLICATION=JucePlugin_Build_Standalone",
					"JUCER_XCODE_MAC_F6D2F4CF=1",
					"JUCE_APP_VERSION=1.0.0",
					"JUCE_APP_VERSION_HEX=0x10000",
				);
				GCC_VERSION = com.apple.compilers.llvm.clang.1_0;
				HEADER_SEARCH_PATHS = (
					"$(HOME)/JUCE/modules/juce_audio_processors/format_types/VST3_SDK",
					"\"$(HOME)/Documents/Spectral Plugins/Pancz/External/vstsdk367_03_03_2017_build_352/VST_SDK/VST2_SDK\"",
					"$(SRCROOT)/../../JuceLibraryCode",
					"$(HOME)/JUCE/modules",
					"$(inherited)",
				);
				INFOPLIST_FILE = Info-Standalone_Plugin.plist;
				INFOPLIST_PREPROCESS = NO;
				MACOSX_DEPLOYMENT_TARGET = 10.13;
				MTL_HEADER_SEARCH_PATHS = "$(HOME)/JUCE/modules/juce_audio_processors/format_types/VST3_SDK \"$(HOME)/Documents/Spectral Plugins/Pancz/External/vstsdk367_03_03_2017_build_352/VST_SDK/VST2_SDK\" $(SRCROOT)/../../JuceLibraryCode $(HOME)/JUCE/modules";
				OTHER_LDFLAGS = "-lVocalDistortion";
				PRODUCT_BUNDLE_IDENTIFIER = com.yourcompany.VocalDistortion;
				PRODUCT_NAME = "VocalDistortion";
				USE_HEADERMAP = NO;
				VALID_ARCHS = "i386 x86_64 arm64 arm64e";
			};
			name = Debug;
		};
		6A7CB6067EAA048BDFFF8F45 /* Release */ = {
			isa = XCBuildConfiguration;
			buildSettings = {
				ALWAYS_SEARCH_USER_PATHS = NO;
				CLANG_ENABLE_OBJC_WEAK = YES;
				CLANG_WARN_BLOCK_CAPTURE_AUTORELEASING = YES;
				CLANG_WARN_BOOL_CONVERSION = YES;
				CLANG_WARN_COMMA = YES;
				CLANG_WARN_CONSTANT_CONVERSION = YES;
				CLANG_WARN_DEPRECATED_OBJC_IMPLEMENTATIONS = YES;
				CLANG_WARN_EMPTY_BODY = YES;
				CLANG_WARN_ENUM_CONVERSION = YES;
				CLANG_WARN_INFINITE_RECURSION = YES;
				CLANG_WARN_INT_CONVERSION = YES;
				CLANG_WARN_NON_LITERAL_NULL_CONVERSION = YES;
				CLANG_WARN_OBJC_IMPLICIT_RETAIN_SELF = YES;
				CLANG_WARN_OBJC_LITERAL_CONVERSION = YES;
				CLANG_WARN_RANGE_LOOP_ANALYSIS = YES;
				CLANG_WARN_STRICT_PROTOTYPES = YES;
				CLANG_WARN_SUSPICIOUS_MOVE = YES;
				CLANG_WARN_UNREACHABLE_CODE = YES;
				CLANG_WARN__DUPLICATE_METHOD_MATCH = YES;
				DEBUG_INFORMATION_FORMAT = dwarf;
				ENABLE_STRICT_OBJC_MSGSEND = YES;
				ENABLE_TESTABILITY = NO;
				GCC_C_LANGUAGE_STANDARD = c11;
				GCC_INLINES_ARE_PRIVATE_EXTERN = YES;
				GCC_MODEL_TUNING = G5;
				GCC_NO_COMMON_BLOCKS = YES;
				GCC_SYMBOLS_PRIVATE_EXTERN = YES;
				GCC_WARN_64_TO_32_BIT_CONVERSION = YES;
				GCC_WARN_ABOUT_RETURN_TYPE = YES;
				GCC_WARN_CHECK_SWITCH_STATEMENTS = YES;
				GCC_WARN_MISSING_PARENTHESES = YES;
				GCC_WARN_NON_VIRTUAL_DESTRUCTOR = YES;
				GCC_WARN_TYPECHECK_CALLS_TO_PRINTF = YES;
				GCC_WARN_UNDECLARED_SELECTOR = YES;
				GCC_WARN_UNINITIALIZED_AUTOS = YES;
				GCC_WARN_UNUSED_FUNCTION = YES;
				GCC_WARN_UNUSED_VARIABLE = YES;
				PRODUCT_NAME = "VocalDistortion";
				SDKROOT = macosx;
				WARNING_CFLAGS = "-Wreorder";
				ZERO_LINK = NO;
			};
			name = Release;
		};
		872DEA63DBCE0B86CA2BED74 /* Release */ = {
			isa = XCBuildConfiguration;
			buildSettings = {
				CLANG_CXX_LANGUAGE_STANDARD = "c++17";
				CLANG_CXX_LIBRARY = "libc++";
				CLANG_LINK_OBJC_RUNTIME = NO;
				COMBINE_HIDPI_IMAGES = YES;
				CONFIGURATION_BUILD_DIR = "$(PROJECT_DIR)/build/$(CONFIGURATION)";
				DEAD_CODE_STRIPPING = YES;
				EXCLUDED_ARCHS = "";
				GCC_GENERATE_DEBUGGING_SYMBOLS = NO;
				GCC_OPTIMIZATION_LEVEL = 3;
				GCC_PREPROCESSOR_DEFINITIONS = (
					"_NDEBUG=1",
					"NDEBUG=1",
					"JUCE_DISPLAY_SPLASH_SCREEN=1",
					"JUCE_USE_DARK_SPLASH_SCREEN=1",
					"JUCE_PROJUCER_VERSION=0x70008",
					"JUCE_MODULE_AVAILABLE_juce_analytics=1",
					"JUCE_MODULE_AVAILABLE_juce_audio_basics=1",
					"JUCE_MODULE_AVAILABLE_juce_audio_devices=1",
					"JUCE_MODULE_AVAILABLE_juce_audio_formats=1",
					"JUCE_MODULE_AVAILABLE_juce_audio_processors=1",
					"JUCE_MODULE_AVAILABLE_juce_audio_utils=1",
					"JUCE_MODULE_AVAILABLE_juce_core=1",
					"JUCE_MODULE_AVAILABLE_juce_data_structures=1",
					"JUCE_MODULE_AVAILABLE_juce_dsp=1",
					"JUCE_MODULE_AVAILABLE_juce_events=1",
					"JUCE_MODULE_AVAILABLE_juce_graphics=1",
					"JUCE_MODULE_AVAILABLE_juce_gui_basics=1",
					"JUCE_MODULE_AVAILABLE_juce_gui_extra=1",
					"JUCE_GLOBAL_MODULE_SETTINGS_INCLUDED=1",
					"JUCE_STRICT_REFCOUNTEDPOINTER=1",
					"JucePlugin_Build_VST=1",
					"JucePlugin_Build_VST3=0",
					"JucePlugin_Build_AU=0",
					"JucePlugin_Build_AUv3=0",
					"JucePlugin_Build_AAX=0",
					"JucePlugin_Build_Standalone=1",
					"JucePlugin_Build_Unity=0",
					"JucePlugin_Build_LV2=0",
					"JucePlugin_Enable_IAA=0",
					"JucePlugin_Enable_ARA=0",
					"JucePlugin_Name=\\\"VocalDistortion\\\"",
					"JucePlugin_Desc=\\\"VocalDistortion\\\"",
					"JucePlugin_Manufacturer=\\\"yourcompany\\\"",
					"JucePlugin_ManufacturerWebsite=\\\"www.yourcompany.com\\\"",
					"JucePlugin_ManufacturerEmail=\\\"\\\"",
					"JucePlugin_ManufacturerCode=0x4d616e75",
					"JucePlugin_PluginCode=0x456c6f66",
					"JucePlugin_IsSynth=0",
					"JucePlugin_WantsMidiInput=0",
					"JucePlugin_ProducesMidiOutput=0",
					"JucePlugin_IsMidiEffect=0",
					"JucePlugin_EditorRequiresKeyboardFocus=0",
					"JucePlugin_Version=1.0.0",
					"JucePlugin_VersionCode=0x10000",
					"JucePlugin_VersionString=\\\"1.0.0\\\"",
					"JucePlugin_VSTUniqueID=JucePlugin_PluginCode",
					"JucePlugin_VSTCategory=kPlugCategEffect",
					"JucePlugin_Vst3Category=\\\"Fx\\\"",
					"JucePlugin_AUMainType=\\'aufx\\'",
					"JucePlugin_AUSubType=JucePlugin_PluginCode",
					"JucePlugin_AUExportPrefix=VocalDistortionAU",
					"JucePlugin_AUExportPrefixQuoted=\\\"VocalDistortionAU\\\"",
					"JucePlugin_AUManufacturerCode=JucePlugin_ManufacturerCode",
					"JucePlugin_CFBundleIdentifier=com.yourcompany.VocalDistortion",
					"JucePlugin_AAXIdentifier=com.yourcompany.VocalDistortion",
					"JucePlugin_AAXManufacturerCode=JucePlugin_ManufacturerCode",
					"JucePlugin_AAXProductId=JucePlugin_PluginCode",
					"JucePlugin_AAXCategory=0",
					"JucePlugin_AAXDisableBypass=0",
					"JucePlugin_AAXDisableMultiMono=0",
					"JucePlugin_IAAType=0x61757278",
					"JucePlugin_IAASubType=JucePlugin_PluginCode",
					"JucePlugin_IAAName=\\\"yourcompany:\\ VocalDistortion\\\"",
					"JucePlugin_VSTNumMidiInputs=16",
					"JucePlugin_VSTNumMidiOutputs=16",
					"JucePlugin_ARAContentTypes=0",
					"JucePlugin_ARATransformationFlags=0",
					"JucePlugin_ARAFactoryID=\\\"com.yourcompany.VocalDistortion.factory\\\"",
					"JucePlugin_ARADocumentArchiveID=\\\"com.yourcompany.VocalDistortion.aradocumentarchive.1.0.0\\\"",
					"JucePlugin_ARACompatibleArchiveIDs=\\\"\\\"",
					"JUCE_STANDALONE_APPLICATION=JucePlugin_Build_Standalone",
					"JUCER_XCODE_MAC_F6D2F4CF=1",
					"JUCE_APP_VERSION=1.0.0",
					"JUCE_APP_VERSION_HEX=0x10000",
					"JUCE_SHARED_CODE=1",
				);
				GCC_VERSION = com.apple.compilers.llvm.clang.1_0;
				HEADER_SEARCH_PATHS = (
					"$(HOME)/JUCE/modules/juce_audio_processors/format_types/VST3_SDK",
					"\"$(HOME)/Documents/Spectral Plugins/Pancz/External/vstsdk367_03_03_2017_build_352/VST_SDK/VST2_SDK\"",
					"$(SRCROOT)/../../JuceLibraryCode",
					"$(HOME)/JUCE/modules",
					"$(inherited)",
				);
				INSTALL_PATH = "@executable_path/../Frameworks";
				LLVM_LTO = YES;
				MACOSX_DEPLOYMENT_TARGET = 10.13;
				MTL_HEADER_SEARCH_PATHS = "$(HOME)/JUCE/modules/juce_audio_processors/format_types/VST3_SDK \"$(HOME)/Documents/Spectral Plugins/Pancz/External/vstsdk367_03_03_2017_build_352/VST_SDK/VST2_SDK\" $(SRCROOT)/../../JuceLibraryCode $(HOME)/JUCE/modules";
				PRODUCT_BUNDLE_IDENTIFIER = com.yourcompany.VocalDistortion;
				PRODUCT_NAME = "VocalDistortion";
				SKIP_INSTALL = YES;
				USE_HEADERMAP = NO;
				VALID_ARCHS = "i386 x86_64 arm64 arm64e";
			};
			name = Release;
		};
		A9A3B2A31038E0FC33411D54 /* Debug */ = {
			isa = XCBuildConfiguration;
			buildSettings = {
				CLANG_CXX_LANGUAGE_STANDARD = "c++17";
				CLANG_CXX_LIBRARY = "libc++";
				CLANG_LINK_OBJC_RUNTIME = NO;
				COMBINE_HIDPI_IMAGES = YES;
				CONFIGURATION_BUILD_DIR = "$(PROJECT_DIR)/build/$(CONFIGURATION)";
				COPY_PHASE_STRIP = NO;
				EXCLUDED_ARCHS = "";
				GCC_DYNAMIC_NO_PIC = NO;
				GCC_OPTIMIZATION_LEVEL = 0;
				GCC_PREPROCESSOR_DEFINITIONS = (
					"_DEBUG=1",
					"DEBUG=1",
					"JUCE_DISPLAY_SPLASH_SCREEN=1",
					"JUCE_USE_DARK_SPLASH_SCREEN=1",
					"JUCE_PROJUCER_VERSION=0x70008",
					"JUCE_MODULE_AVAILABLE_juce_analytics=1",
					"JUCE_MODULE_AVAILABLE_juce_audio_basics=1",
					"JUCE_MODULE_AVAILABLE_juce_audio_devices=1",
					"JUCE_MODULE_AVAILABLE_juce_audio_formats=1",
					"JUCE_MODULE_AVAILABLE_juce_audio_processors=1",
					"JUCE_MODULE_AVAILABLE_juce_audio_utils=1",
					"JUCE_MODULE_AVAILABLE_juce_core=1",
					"JUCE_MODULE_AVAILABLE_juce_data_structures=1",
					"JUCE_MODULE_AVAILABLE_juce_dsp=1",
					"JUCE_MODULE_AVAILABLE_juce_events=1",
					"JUCE_MODULE_AVAILABLE_juce_graphics=1",
					"JUCE_MODULE_AVAILABLE_juce_gui_basics=1",
					"JUCE_MODULE_AVAILABLE_juce_gui_extra=1",
					"JUCE_GLOBAL_MODULE_SETTINGS_INCLUDED=1",
					"JUCE_STRICT_REFCOUNTEDPOINTER=1",
					"JucePlugin_Build_VST=1",
					"JucePlugin_Build_VST3=0",
					"JucePlugin_Build_AU=0",
					"JucePlugin_Build_AUv3=0",
					"JucePlugin_Build_AAX=0",
					"JucePlugin_Build_Standalone=1",
					"JucePlugin_Build_Unity=0",
					"JucePlugin_Build_LV2=0",
					"JucePlugin_Enable_IAA=0",
					"JucePlugin_Enable_ARA=0",
					"JucePlugin_Name=\\\"VocalDistortion\\\"",
					"JucePlugin_Desc=\\\"VocalDistortion\\\"",
					"JucePlugin_Manufacturer=\\\"yourcompany\\\"",
					"JucePlugin_ManufacturerWebsite=\\\"www.yourcompany.com\\\"",
					"JucePlugin_ManufacturerEmail=\\\"\\\"",
					"JucePlugin_ManufacturerCode=0x4d616e75",
					"JucePlugin_PluginCode=0x456c6f66",
					"JucePlugin_IsSynth=0",
					"JucePlugin_WantsMidiInput=0",
					"JucePlugin_ProducesMidiOutput=0",
					"JucePlugin_IsMidiEffect=0",
					"JucePlugin_EditorRequiresKeyboardFocus=0",
					"JucePlugin_Version=1.0.0",
					"JucePlugin_VersionCode=0x10000",
					"JucePlugin_VersionString=\\\"1.0.0\\\"",
					"JucePlugin_VSTUniqueID=JucePlugin_PluginCode",
					"JucePlugin_VSTCategory=kPlugCategEffect",
					"JucePlugin_Vst3Category=\\\"Fx\\\"",
					"JucePlugin_AUMainType=\\'aufx\\'",
					"JucePlugin_AUSubType=JucePlugin_PluginCode",
					"JucePlugin_AUExportPrefix=VocalDistortionAU",
					"JucePlugin_AUExportPrefixQuoted=\\\"VocalDistortionAU\\\"",
					"JucePlugin_AUManufacturerCode=JucePlugin_ManufacturerCode",
					"JucePlugin_CFBundleIdentifier=com.yourcompany.VocalDistortion",
					"JucePlugin_AAXIdentifier=com.yourcompany.VocalDistortion",
					"JucePlugin_AAXManufacturerCode=JucePlugin_ManufacturerCode",
					"JucePlugin_AAXProductId=JucePlugin_PluginCode",
					"JucePlugin_AAXCategory=0",
					"JucePlugin_AAXDisableBypass=0",
					"JucePlugin_AAXDisableMultiMono=0",
					"JucePlugin_IAAType=0x61757278",
					"JucePlugin_IAASubType=JucePlugin_PluginCode",
					"JucePlugin_IAAName=\\\"yourcompany:\\ VocalDistortion\\\"",
					"JucePlugin_VSTNumMidiInputs=16",
					"JucePlugin_VSTNumMidiOutputs=16",
					"JucePlugin_ARAContentTypes=0",
					"JucePlugin_ARATransformationFlags=0",
					"JucePlugin_ARAFactoryID=\\\"com.yourcompany.VocalDistortion.factory\\\"",
					"JucePlugin_ARADocumentArchiveID=\\\"com.yourcompany.VocalDistortion.aradocumentarchive.1.0.0\\\"",
					"JucePlugin_ARACompatibleArchiveIDs=\\\"\\\"",
					"JUCE_STANDALONE_APPLICATION=JucePlugin_Build_Standalone",
					"JUCER_XCODE_MAC_F6D2F4CF=1",
					"JUCE_APP_VERSION=1.0.0",
					"JUCE_APP_VERSION_HEX=0x10000",
					"JUCE_SHARED_CODE=1",
				);
				GCC_VERSION = com.apple.compilers.llvm.clang.1_0;
				HEADER_SEARCH_PATHS = (
					"$(HOME)/JUCE/modules/juce_audio_processors/format_types/VST3_SDK",
					"\"$(HOME)/Documents/Spectral Plugins/Pancz/External/vstsdk367_03_03_2017_build_352/VST_SDK/VST2_SDK\"",
					"$(SRCROOT)/../../JuceLibraryCode",
					"$(HOME)/JUCE/modules",
					"$(inherited)",
				);
				INSTALL_PATH = "@executable_path/../Frameworks";
				MACOSX_DEPLOYMENT_TARGET = 10.13;
				MTL_HEADER_SEARCH_PATHS = "$(HOME)/JUCE/modules/juce_audio_processors/format_types/VST3_SDK \"$(HOME)/Documents/Spectral Plugins/Pancz/External/vstsdk367_03_03_2017_build_352/VST_SDK/VST2_SDK\" $(SRCROOT)/../../JuceLibraryCode $(HOME)/JUCE/modules";
				PRODUCT_BUNDLE_IDENTIFIER = com.yourcompany.VocalDistortion;
				PRODUCT_NAME = "VocalDistortion";
				SKIP_INSTALL = YES;
				USE_HEADERMAP = NO;
				VALID_ARCHS = "i386 x86_64 arm64 arm64e";
			};
			name = Debug;
		};
		BF5547C4A3593E296BF8C96F /* Debug */ = {
			isa = XCBuildConfiguration;
			buildSettings = {
				ALWAYS_SEARCH_USER_PATHS = NO;
				CLANG_ENABLE_OBJC_WEAK = YES;
				CLANG_WARN_BLOCK_CAPTURE_AUTORELEASING = YES;
				CLANG_WARN_BOOL_CONVERSION = YES;
				CLANG_WARN_COMMA = YES;
				CLANG_WARN_CONSTANT_CONVERSION = YES;
				CLANG_WARN_DEPRECATED_OBJC_IMPLEMENTATIONS = YES;
				CLANG_WARN_EMPTY_BODY = YES;
				CLANG_WARN_ENUM_CONVERSION = YES;
				CLANG_WARN_INFINITE_RECURSION = YES;
				CLANG_WARN_INT_CONVERSION = YES;
				CLANG_WARN_NON_LITERAL_NULL_CONVERSION = YES;
				CLANG_WARN_OBJC_IMPLICIT_RETAIN_SELF = YES;
				CLANG_WARN_OBJC_LITERAL_CONVERSION = YES;
				CLANG_WARN_RANGE_LOOP_ANALYSIS = YES;
				CLANG_WARN_STRICT_PROTOTYPES = YES;
				CLANG_WARN_SUSPICIOUS_MOVE = YES;
				CLANG_WARN_UNREACHABLE_CODE = YES;
				CLANG_WARN__DUPLICATE_METHOD_MATCH = YES;
				DEBUG_INFORMATION_FORMAT = dwarf;
				ENABLE_STRICT_OBJC_MSGSEND = YES;
				ENABLE_TESTABILITY = NO;
				GCC_C_LANGUAGE_STANDARD = c11;
				GCC_INLINES_ARE_PRIVATE_EXTERN = YES;
				GCC_MODEL_TUNING = G5;
				GCC_NO_COMMON_BLOCKS = YES;
				GCC_SYMBOLS_PRIVATE_EXTERN = YES;
				GCC_WARN_64_TO_32_BIT_CONVERSION = YES;
				GCC_WARN_ABOUT_RETURN_TYPE = YES;
				GCC_WARN_CHECK_SWITCH_STATEMENTS = YES;
				GCC_WARN_MISSING_PARENTHESES = YES;
				GCC_WARN_NON_VIRTUAL_DESTRUCTOR = YES;
				GCC_WARN_TYPECHECK_CALLS_TO_PRINTF = YES;
				GCC_WARN_UNDECLARED_SELECTOR = YES;
				GCC_WARN_UNINITIALIZED_AUTOS = YES;
				GCC_WARN_UNUSED_FUNCTION = YES;
				GCC_WARN_UNUSED_VARIABLE = YES;
				ONLY_ACTIVE_ARCH = YES;
				PRODUCT_NAME = "VocalDistortion";
				SDKROOT = macosx;
				WARNING_CFLAGS = "-Wreorder";
				ZERO_LINK = NO;
			};
			name = Debug;
		};
		C6565AE40EB16FF8D3D76559 /* Release */ = {
			isa = XCBuildConfiguration;
			buildSettings = {
				CLANG_CXX_LANGUAGE_STANDARD = "c++17";
				CLANG_CXX_LIBRARY = "libc++";
				CLANG_LINK_OBJC_RUNTIME = NO;
				COMBINE_HIDPI_IMAGES = YES;
				CONFIGURATION_BUILD_DIR = "$(PROJECT_DIR)/build/$(CONFIGURATION)";
				DEAD_CODE_STRIPPING = YES;
				EXCLUDED_ARCHS = "";
				GCC_GENERATE_DEBUGGING_SYMBOLS = NO;
				GCC_OPTIMIZATION_LEVEL = 3;
				GCC_PREPROCESSOR_DEFINITIONS = (
					"_NDEBUG=1",
					"NDEBUG=1",
					"JUCE_DISPLAY_SPLASH_SCREEN=1",
					"JUCE_USE_DARK_SPLASH_SCREEN=1",
					"JUCE_PROJUCER_VERSION=0x70008",
					"JUCE_MODULE_AVAILABLE_juce_analytics=1",
					"JUCE_MODULE_AVAILABLE_juce_audio_basics=1",
					"JUCE_MODULE_AVAILABLE_juce_audio_devices=1",
					"JUCE_MODULE_AVAILABLE_juce_audio_formats=1",
					"JUCE_MODULE_AVAILABLE_juce_audio_processors=1",
					"JUCE_MODULE_AVAILABLE_juce_audio_utils=1",
					"JUCE_MODULE_AVAILABLE_juce_core=1",
					"JUCE_MODULE_AVAILABLE_juce_data_structures=1",
					"JUCE_MODULE_AVAILABLE_juce_dsp=1",
					"JUCE_MODULE_AVAILABLE_juce_events=1",
					"JUCE_MODULE_AVAILABLE_juce_graphics=1",
					"JUCE_MODULE_AVAILABLE_juce_gui_basics=1",
					"JUCE_MODULE_AVAILABLE_juce_gui_extra=1",
					"JUCE_GLOBAL_MODULE_SETTINGS_INCLUDED=1",
					"JUCE_STRICT_REFCOUNTEDPOINTER=1",
					"JucePlugin_Build_VST=1",
					"JucePlugin_Build_VST3=0",
					"JucePlugin_Build_AU=0",
					"JucePlugin_Build_AUv3=0",
					"JucePlugin_Build_AAX=0",
					"JucePlugin_Build_Standalone=0",
					"JucePlugin_Build_Unity=0",
					"JucePlugin_Build_LV2=0",
					"JucePlugin_Enable_IAA=0",
					"JucePlugin_Enable_ARA=0",
					"JucePlugin_Name=\\\"VocalDistortion\\\"",
					"JucePlugin_Desc=\\\"VocalDistortion\\\"",
					"JucePlugin_Manufacturer=\\\"yourcompany\\\"",
					"JucePlugin_ManufacturerWebsite=\\\"www.yourcompany.com\\\"",
					"JucePlugin_ManufacturerEmail=\\\"\\\"",
					"JucePlugin_ManufacturerCode=0x4d616e75",
					"JucePlugin_PluginCode=0x456c6f66",
					"JucePlugin_IsSynth=0",
					"JucePlugin_WantsMidiInput=0",
					"JucePlugin_ProducesMidiOutput=0",
					"JucePlugin_IsMidiEffect=0",
					"JucePlugin_EditorRequiresKeyboardFocus=0",
					"JucePlugin_Version=1.0.0",
					"JucePlugin_VersionCode=0x10000",
					"JucePlugin_VersionString=\\\"1.0.0\\\"",
					"JucePlugin_VSTUniqueID=JucePlugin_PluginCode",
					"JucePlugin_VSTCategory=kPlugCategEffect",
					"JucePlugin_Vst3Category=\\\"Fx\\\"",
					"JucePlugin_AUMainType=\\'aufx\\'",
					"JucePlugin_AUSubType=JucePlugin_PluginCode",
					"JucePlugin_AUExportPrefix=VocalDistortionAU",
					"JucePlugin_AUExportPrefixQuoted=\\\"VocalDistortionAU\\\"",
					"JucePlugin_AUManufacturerCode=JucePlugin_ManufacturerCode",
					"JucePlugin_CFBundleIdentifier=com.yourcompany.VocalDistortion",
					"JucePlugin_AAXIdentifier=com.yourcompany.VocalDistortion",
					"JucePlugin_AAXManufacturerCode=JucePlugin_ManufacturerCode",
					"JucePlugin_AAXProductId=JucePlugin_PluginCode",
					"JucePlugin_AAXCategory=0",
					"JucePlugin_AAXDisableBypass=0",
					"JucePlugin_AAXDisableMultiMono=0",
					"JucePlugin_IAAType=0x61757278",
					"JucePlugin_IAASubType=JucePlugin_PluginCode",
					"JucePlugin_IAAName=\\\"yourcompany:\\ VocalDistortion\\\"",
					"JucePlugin_VSTNumMidiInputs=16",
					"JucePlugin_VSTNumMidiOutputs=16",
					"JucePlugin_ARAContentTypes=0",
					"JucePlugin_ARATransformationFlags=0",
					"JucePlugin_ARAFactoryID=\\\"com.yourcompany.VocalDistortion.factory\\\"",
					"JucePlugin_ARADocumentArchiveID=\\\"com.yourcompany.VocalDistortion.aradocumentarchive.1.0.0\\\"",
					"JucePlugin_ARACompatibleArchiveIDs=\\\"\\\"",
					"JUCE_STANDALONE_APPLICATION=JucePlugin_Build_Standalone",
					"JUCER_XCODE_MAC_F6D2F4CF=1",
					"JUCE_APP_VERSION=1.0.0",
					"JUCE_APP_VERSION_HEX=0x10000",
				);
				GCC_VERSION = com.apple.compilers.llvm.clang.1_0;
				GENERATE_PKGINFO_FILE = YES;
				HEADER_SEARCH_PATHS = (
					"$(HOME)/JUCE/modules/juce_audio_processors/format_types/VST3_SDK",
					"\"$(HOME)/Documents/Spectral Plugins/Pancz/External/vstsdk367_03_03_2017_build_352/VST_SDK/VST2_SDK\"",
					"$(SRCROOT)/../../JuceLibraryCode",
					"$(HOME)/JUCE/modules",
					"$(inherited)",
				);
				INFOPLIST_FILE = Info-VST.plist;
				INFOPLIST_PREPROCESS = NO;
				INSTALL_PATH = "$(HOME)/Library/Audio/Plug-Ins/VST/";
				LIBRARY_STYLE = Bundle;
				LLVM_LTO = YES;
				MACOSX_DEPLOYMENT_TARGET = 10.13;
				MTL_HEADER_SEARCH_PATHS = "$(HOME)/JUCE/modules/juce_audio_processors/format_types/VST3_SDK \"$(HOME)/Documents/Spectral Plugins/Pancz/External/vstsdk367_03_03_2017_build_352/VST_SDK/VST2_SDK\" $(SRCROOT)/../../JuceLibraryCode $(HOME)/JUCE/modules";
				OTHER_LDFLAGS = "-bundle -lVocalDistortion";
				PRODUCT_BUNDLE_IDENTIFIER = com.yourcompany.VocalDistortion;
				PRODUCT_NAME = "VocalDistortion";
				USE_HEADERMAP = NO;
				VALID_ARCHS = "i386 x86_64 arm64 arm64e";
				WRAPPER_EXTENSION = vst;
			};
			name = Release;
		};
		D49461D8A83D2131388DD160 /* Release */ = {
			isa = XCBuildConfiguration;
			buildSettings = {
				MACOSX_DEPLOYMENT_TARGET = 10.13;
				SDKROOT = macosx;
			};
			name = Release;
		};
		D79A2877E348B44B6F40DF2B /* Release */ = {
			isa = XCBuildConfiguration;
			buildSettings = {
				CLANG_CXX_LANGUAGE_STANDARD = "c++17";
				CLANG_CXX_LIBRARY = "libc++";
				CLANG_LINK_OBJC_RUNTIME = NO;
				COMBINE_HIDPI_IMAGES = YES;
				CONFIGURATION_BUILD_DIR = "$(PROJECT_DIR)/build/$(CONFIGURATION)";
				DEAD_CODE_STRIPPING = YES;
				EXCLUDED_ARCHS = "";
				GCC_GENERATE_DEBUGGING_SYMBOLS = NO;
				GCC_OPTIMIZATION_LEVEL = 3;
				GCC_PREPROCESSOR_DEFINITIONS = (
					"_NDEBUG=1",
					"NDEBUG=1",
					"JUCE_DISPLAY_SPLASH_SCREEN=1",
					"JUCE_USE_DARK_SPLASH_SCREEN=1",
					"JUCE_PROJUCER_VERSION=0x70008",
					"JUCE_MODULE_AVAILABLE_juce_analytics=1",
					"JUCE_MODULE_AVAILABLE_juce_audio_basics=1",
					"JUCE_MODULE_AVAILABLE_juce_audio_devices=1",
					"JUCE_MODULE_AVAILABLE_juce_audio_formats=1",
					"JUCE_MODULE_AVAILABLE_juce_audio_processors=1",
					"JUCE_MODULE_AVAILABLE_juce_audio_utils=1",
					"JUCE_MODULE_AVAILABLE_juce_core=1",
					"JUCE_MODULE_AVAILABLE_juce_data_structures=1",
					"JUCE_MODULE_AVAILABLE_juce_dsp=1",
					"JUCE_MODULE_AVAILABLE_juce_events=1",
					"JUCE_MODULE_AVAILABLE_juce_graphics=1",
					"JUCE_MODULE_AVAILABLE_juce_gui_basics=1",
					"JUCE_MODULE_AVAILABLE_juce_gui_extra=1",
					"JUCE_GLOBAL_MODULE_SETTINGS_INCLUDED=1",
					"JUCE_STRICT_REFCOUNTEDPOINTER=1",
					"JucePlugin_Build_VST=0",
					"JucePlugin_Build_VST3=0",
					"JucePlugin_Build_AU=0",
					"JucePlugin_Build_AUv3=0",
					"JucePlugin_Build_AAX=0",
					"JucePlugin_Build_Standalone=1",
					"JucePlugin_Build_Unity=0",
					"JucePlugin_Build_LV2=0",
					"JucePlugin_Enable_IAA=0",
					"JucePlugin_Enable_ARA=0",
					"JucePlugin_Name=\\\"VocalDistortion\\\"",
					"JucePlugin_Desc=\\\"VocalDistortion\\\"",
					"JucePlugin_Manufacturer=\\\"yourcompany\\\"",
					"JucePlugin_ManufacturerWebsite=\\\"www.yourcompany.com\\\"",
					"JucePlugin_ManufacturerEmail=\\\"\\\"",
					"JucePlugin_ManufacturerCode=0x4d616e75",
					"JucePlugin_PluginCode=0x456c6f66",
					"JucePlugin_IsSynth=0",
					"JucePlugin_WantsMidiInput=0",
					"JucePlugin_ProducesMidiOutput=0",
					"JucePlugin_IsMidiEffect=0",
					"JucePlugin_EditorRequiresKeyboardFocus=0",
					"JucePlugin_Version=1.0.0",
					"JucePlugin_VersionCode=0x10000",
					"JucePlugin_VersionString=\\\"1.0.0\\\"",
					"JucePlugin_VSTUniqueID=JucePlugin_PluginCode",
					"JucePlugin_VSTCategory=kPlugCategEffect",
					"JucePlugin_Vst3Category=\\\"Fx\\\"",
					"JucePlugin_AUMainType=\\'aufx\\'",
					"JucePlugin_AUSubType=JucePlugin_PluginCode",
					"JucePlugin_AUExportPrefix=VocalDistortionAU",
					"JucePlugin_AUExportPrefixQuoted=\\\"VocalDistortionAU\\\"",
					"JucePlugin_AUManufacturerCode=JucePlugin_ManufacturerCode",
					"JucePlugin_CFBundleIdentifier=com.yourcompany.VocalDistortion",
					"JucePlugin_AAXIdentifier=com.yourcompany.VocalDistortion",
					"JucePlugin_AAXManufacturerCode=JucePlugin_ManufacturerCode",
					"JucePlugin_AAXProductId=JucePlugin_PluginCode",
					"JucePlugin_AAXCategory=0",
					"JucePlugin_AAXDisableBypass=0",
					"JucePlugin_AAXDisableMultiMono=0",
					"JucePlugin_IAAType=0x61757278",
					"JucePlugin_IAASubType=JucePlugin_PluginCode",
					"JucePlugin_IAAName=\\\"yourcompany:\\ VocalDistortion\\\"",
					"JucePlugin_VSTNumMidiInputs=16",
					"JucePlugin_VSTNumMidiOutputs=16",
					"JucePlugin_ARAContentTypes=0",
					"JucePlugin_ARATransformationFlags=0",
					"JucePlugin_ARAFactoryID=\\\"com.yourcompany.VocalDistortion.factory\\\"",
					"JucePlugin_ARADocumentArchiveID=\\\"com.yourcompany.VocalDistortion.aradocumentarchive.1.0.0\\\"",
					"JucePlugin_ARACompatibleArchiveIDs=\\\"\\\"",
					"JUCE_STANDALONE_APPLICATION=JucePlugin_Build_Standalone",
					"JUCER_XCODE_MAC_F6D2F4CF=1",
					"JUCE_APP_VERSION=1.0.0",
					"JUCE_APP_VERSION_HEX=0x10000",
				);
				GCC_VERSION = com.apple.compilers.llvm.clang.1_0;
				HEADER_SEARCH_PATHS = (
					"$(HOME)/JUCE/modules/juce_audio_processors/format_types/VST3_SDK",
					"\"$(HOME)/Documents/Spectral Plugins/Pancz/External/vstsdk367_03_03_2017_build_352/VST_SDK/VST2_SDK\"",
					"$(SRCROOT)/../../JuceLibraryCode",
					"$(HOME)/JUCE/modules",
					"$(inherited)",
				);
				INFOPLIST_FILE = Info-Standalone_Plugin.plist;
				INFOPLIST_PREPROCESS = NO;
				LLVM_LTO = YES;
				MACOSX_DEPLOYMENT_TARGET = 10.13;
				MTL_HEADER_SEARCH_PATHS = "$(HOME)/JUCE/modules/juce_audio_processors/format_types/VST3_SDK \"$(HOME)/Documents/Spectral Plugins/Pancz/External/vstsdk367_03_03_2017_build_352/VST_SDK/VST2_SDK\" $(SRCROOT)/../../JuceLibraryCode $(HOME)/JUCE/modules";
				OTHER_LDFLAGS = "-lVocalDistortion";
				PRODUCT_BUNDLE_IDENTIFIER = com.yourcompany.VocalDistortion;
				PRODUCT_NAME = "VocalDistortion";
				USE_HEADERMAP = NO;
				VALID_ARCHS = "i386 x86_64 arm64 arm64e";
			};
			name = Release;
		};
/* End XCBuildConfiguration section */

/* Begin XCConfigurationList section */
		06B33E0210F959D09D4481A5 = {
			isa = XCConfigurationList;
			buildConfigurations = (
				A9A3B2A31038E0FC33411D54,
				872DEA63DBCE0B86CA2BED74,
			);
			defaultConfigurationIsVisible = 0;
			defaultConfigurationName = Debug;
		};
		50E99894410A64AFA7185267 = {
			isa = XCConfigurationList;
			buildConfigurations = (
				69B97D92A2A0924FC1257662,
				D79A2877E348B44B6F40DF2B,
			);
			defaultConfigurationIsVisible = 0;
			defaultConfigurationName = Debug;
		};
		61B52745664CD81AA525D56C = {
			isa = XCConfigurationList;
			buildConfigurations = (
				264C7F11D58E850FA0827B31,
				D49461D8A83D2131388DD160,
			);
			defaultConfigurationIsVisible = 0;
			defaultConfigurationName = Debug;
		};
		B1A13D0E84D187687DF56AF8 = {
			isa = XCConfigurationList;
			buildConfigurations = (
				6A7CB6067EAA048BDFFF8F45,
				BF5547C4A3593E296BF8C96F,
			);
			defaultConfigurationIsVisible = 0;
			defaultConfigurationName = Debug;
		};
		E5E33B211DE7A6367BCC4F43 = {
			isa = XCConfigurationList;
			buildConfigurations = (
				074D1A08C2333B1DCB12B3C2,
				C6565AE40EB16FF8D3D76559,
			);
			defaultConfigurationIsVisible = 0;
			defaultConfigurationName = Debug;
		};
/* End XCConfigurationList section */
	};
	rootObject = 7729B83E62B696D84D5E5077 /* Project object */;
}
