
Microsoft Visual Studio Solution File, Format Version 11.00
# Visual Studio Version 17

Project("{8BC9CEB8-8B4A-11D0-8D11-00A0C91BC942}") = "VocalDistortion - Standalone Plugin", "VocalDistortion_StandalonePlugin.vcxproj", "{12E9186D-078A-4AE2-A869-948B05138AFA}"
	ProjectSection(ProjectDependencies) = postProject
		{E83E07FC-40A8-43D1-CEB5-F83B937761AB} = {E83E07FC-40A8-43D1-CEB5-F83B937761AB}
	EndProjectSection
EndProject
Project("{8BC9CEB8-8B4A-11D0-8D11-00A0C91BC942}") = "VocalDistortion - VST3", "VocalDistortion_VST3.vcxproj", "{DD223641-8639-228D-0471-8CC0147BA7C6}"
	ProjectSection(ProjectDependencies) = postProject
		{E83E07FC-40A8-43D1-CEB5-F83B937761AB} = {E83E07FC-40A8-43D1-CEB5-F83B937761AB}
		{B03D49C6-9D94-4C60-7F6B-AEE7743C22EB} = {B03D49C6-9D94-4C60-7F6B-AEE7743C22EB}
	EndProjectSection
EndProject
Project("{8BC9CEB8-8B4A-11D0-8D11-00A0C91BC942}") = "VocalDistortion - Shared Code", "VocalDistortion_SharedCode.vcxproj", "{E83E07FC-40A8-43D1-CEB5-F83B937761AB}"
EndProject
Project("{8BC9CEB8-8B4A-11D0-8D11-00A0C91BC942}") = "VocalDistortion - VST3 Manifest Helper", "VocalDistortion_VST3ManifestHelper.vcxproj", "{B03D49C6-9D94-4C60-7F6B-AEE7743C22EB}"
EndProject
Global
	GlobalSection(SolutionConfigurationPlatforms) = preSolution
		Debug|x64 = Debug|x64
		Release|x64 = Release|x64
	EndGlobalSection
	GlobalSection(ProjectConfigurationPlatforms) = postSolution
		{DD223641-8639-228D-0471-8CC0147BA7C6}.Debug|x64.ActiveCfg = Debug|x64
		{DD223641-8639-228D-0471-8CC0147BA7C6}.Debug|x64.Build.0 = Debug|x64
		{DD223641-8639-228D-0471-8CC0147BA7C6}.Release|x64.ActiveCfg = Release|x64
		{DD223641-8639-228D-0471-8CC0147BA7C6}.Release|x64.Build.0 = Release|x64
		{12E9186D-078A-4AE2-A869-948B05138AFA}.Debug|x64.ActiveCfg = Debug|x64
		{12E9186D-078A-4AE2-A869-948B05138AFA}.Debug|x64.Build.0 = Debug|x64
		{12E9186D-078A-4AE2-A869-948B05138AFA}.Release|x64.ActiveCfg = Release|x64
		{12E9186D-078A-4AE2-A869-948B05138AFA}.Release|x64.Build.0 = Release|x64
		{E83E07FC-40A8-43D1-CEB5-F83B937761AB}.Debug|x64.ActiveCfg = Debug|x64
		{E83E07FC-40A8-43D1-CEB5-F83B937761AB}.Debug|x64.Build.0 = Debug|x64
		{E83E07FC-40A8-43D1-CEB5-F83B937761AB}.Release|x64.ActiveCfg = Release|x64
		{E83E07FC-40A8-43D1-CEB5-F83B937761AB}.Release|x64.Build.0 = Release|x64
		{B03D49C6-9D94-4C60-7F6B-AEE7743C22EB}.Debug|x64.ActiveCfg = Debug|x64
		{B03D49C6-9D94-4C60-7F6B-AEE7743C22EB}.Debug|x64.Build.0 = Debug|x64
		{B03D49C6-9D94-4C60-7F6B-AEE7743C22EB}.Release|x64.ActiveCfg = Release|x64
		{B03D49C6-9D94-4C60-7F6B-AEE7743C22EB}.Release|x64.Build.0 = Release|x64
	EndGlobalSection
	GlobalSection(SolutionProperties) = preSolution
		HideSolutionNode = FALSE
	EndGlobalSection
EndGlobal
